
Microsoft Visual Studio Solution File, Format Version 12.00
# Visual Studio Version 17
VisualStudioVersion = 17.7.34202.233
MinimumVisualStudioVersion = 10.0.40219.1
Project("{FAE04EC0-301F-11D3-BF4B-00C04F79EFBC}") = "mygears", "mygears.csproj", "{D55A2A85-91FC-4D2D-AC3C-C1E07787BFA4}"
EndProject
Global
	GlobalSection(SolutionConfigurationPlatforms) = preSolution
		Debug|Any CPU = Debug|Any CPU
		Release|Any CPU = Release|Any CPU
	EndGlobalSection
	GlobalSection(ProjectConfigurationPlatforms) = postSolution
		{D55A2A85-91FC-4D2D-AC3C-C1E07787BFA4}.Debug|Any CPU.ActiveCfg = Debug|Any CPU
		{D55A2A85-91FC-4D2D-AC3C-C1E07787BFA4}.Debug|Any CPU.Build.0 = Debug|Any CPU
		{D55A2A85-91FC-4D2D-AC3C-C1E07787BFA4}.Release|Any CPU.ActiveCfg = Release|Any CPU
		{D55A2A85-91FC-4D2D-AC3C-C1E07787BFA4}.Release|Any CPU.Build.0 = Release|Any CPU
	EndGlobalSection
	GlobalSection(SolutionProperties) = preSolution
		HideSolutionNode = FALSE
	EndGlobalSection
	GlobalSection(ExtensibilityGlobals) = postSolution
		SolutionGuid = {95425579-4CD8-441D-AE7E-16CBAFFF0584}
	EndGlobalSection
EndGlobal
